// !$*UTF8*$!
{
	archiveVersion = 1;
	classes = {
	};
	objectVersion = 46;
	objects = {

/* Begin PBXBuildFile section */
		34A753281DD16F6D005D776B /* main.m in Sources */ = {isa = PBXBuildFile; fileRef = 34A753271DD16F6D005D776B /* main.m */; };
		34A7532B1DD16F6D005D776B /* AppDelegate.m in Sources */ = {isa = PBXBuildFile; fileRef = 34A7532A1DD16F6D005D776B /* AppDelegate.m */; };
		34A7532E1DD16F6D005D776B /* ViewController.m in Sources */ = {isa = PBXBuildFile; fileRef = 34A7532D1DD16F6D005D776B /* ViewController.m */; };
		34A753311DD16F6D005D776B /* Main.storyboard in Resources */ = {isa = PBXBuildFile; fileRef = 34A7532F1DD16F6D005D776B /* Main.storyboard */; };
		34A753331DD16F6D005D776B /* Assets.xcassets in Resources */ = {isa = PBXBuildFile; fileRef = 34A753321DD16F6D005D776B /* Assets.xcassets */; };
		34A753361DD16F6D005D776B /* LaunchScreen.storyboard in Resources */ = {isa = PBXBuildFile; fileRef = 34A753341DD16F6D005D776B /* LaunchScreen.storyboard */; };
		34A753411DD16F6E005D776B /* IOSFrameTests.m in Sources */ = {isa = PBXBuildFile; fileRef = 34A753401DD16F6E005D776B /* IOSFrameTests.m */; };
		34A7534C1DD16F6E005D776B /* IOSFrameUITests.m in Sources */ = {isa = PBXBuildFile; fileRef = 34A7534B1DD16F6E005D776B /* IOSFrameUITests.m */; };
		34A755071DD1DB1E005D776B /* libNDSDK.a in Frameworks */ = {isa = PBXBuildFile; fileRef = 34A755051DD1DB1E005D776B /* libNDSDK.a */; };
		34A755081DD1DB1E005D776B /* libNDUIToolKit.a in Frameworks */ = {isa = PBXBuildFile; fileRef = 34A755061DD1DB1E005D776B /* libNDUIToolKit.a */; };
		DD53026106BA0EF64EAB0439 /* libPods-IOSFrame.a in Frameworks */ = {isa = PBXBuildFile; fileRef = D2E7FAC29A976F1414068DC1 /* libPods-IOSFrame.a */; };
/* End PBXBuildFile section */

/* Begin PBXContainerItemProxy section */
		34A7533D1DD16F6E005D776B /* PBXContainerItemProxy */ = {
			isa = PBXContainerItemProxy;
			containerPortal = 34A7531B1DD16F6D005D776B /* Project object */;
			proxyType = 1;
			remoteGlobalIDString = 34A753221DD16F6D005D776B;
			remoteInfo = IOSFrame;
		};
		34A753481DD16F6E005D776B /* PBXContainerItemProxy */ = {
			isa = PBXContainerItemProxy;
			containerPortal = 34A7531B1DD16F6D005D776B /* Project object */;
			proxyType = 1;
			remoteGlobalIDString = 34A753221DD16F6D005D776B;
			remoteInfo = IOSFrame;
		};
/* End PBXContainerItemProxy section */

/* Begin PBXFileReference section */
		34A753231DD16F6D005D776B /* IOSFrame.app */ = {isa = PBXFileReference; explicitFileType = wrapper.application; includeInIndex = 0; path = IOSFrame.app; sourceTree = BUILT_PRODUCTS_DIR; };
		34A753271DD16F6D005D776B /* main.m */ = {isa = PBXFileReference; lastKnownFileType = sourcecode.c.objc; path = main.m; sourceTree = "<group>"; };
		34A753291DD16F6D005D776B /* AppDelegate.h */ = {isa = PBXFileReference; lastKnownFileType = sourcecode.c.h; path = AppDelegate.h; sourceTree = "<group>"; };
		34A7532A1DD16F6D005D776B /* AppDelegate.m */ = {isa = PBXFileReference; lastKnownFileType = sourcecode.c.objc; path = AppDelegate.m; sourceTree = "<group>"; };
		34A7532C1DD16F6D005D776B /* ViewController.h */ = {isa = PBXFileReference; lastKnownFileType = sourcecode.c.h; path = ViewController.h; sourceTree = "<group>"; };
		34A7532D1DD16F6D005D776B /* ViewController.m */ = {isa = PBXFileReference; lastKnownFileType = sourcecode.c.objc; path = ViewController.m; sourceTree = "<group>"; };
		34A753301DD16F6D005D776B /* Base */ = {isa = PBXFileReference; lastKnownFileType = file.storyboard; name = Base; path = Base.lproj/Main.storyboard; sourceTree = "<group>"; };
		34A753321DD16F6D005D776B /* Assets.xcassets */ = {isa = PBXFileReference; lastKnownFileType = folder.assetcatalog; path = Assets.xcassets; sourceTree = "<group>"; };
		34A753351DD16F6D005D776B /* Base */ = {isa = PBXFileReference; lastKnownFileType = file.storyboard; name = Base; path = Base.lproj/LaunchScreen.storyboard; sourceTree = "<group>"; };
		34A753371DD16F6E005D776B /* Info.plist */ = {isa = PBXFileReference; lastKnownFileType = text.plist.xml; path = Info.plist; sourceTree = "<group>"; };
		34A7533C1DD16F6E005D776B /* IOSFrameTests.xctest */ = {isa = PBXFileReference; explicitFileType = wrapper.cfbundle; includeInIndex = 0; path = IOSFrameTests.xctest; sourceTree = BUILT_PRODUCTS_DIR; };
		34A753401DD16F6E005D776B /* IOSFrameTests.m */ = {isa = PBXFileReference; lastKnownFileType = sourcecode.c.objc; path = IOSFrameTests.m; sourceTree = "<group>"; };
		34A753421DD16F6E005D776B /* Info.plist */ = {isa = PBXFileReference; lastKnownFileType = text.plist.xml; path = Info.plist; sourceTree = "<group>"; };
		34A753471DD16F6E005D776B /* IOSFrameUITests.xctest */ = {isa = PBXFileReference; explicitFileType = wrapper.cfbundle; includeInIndex = 0; path = IOSFrameUITests.xctest; sourceTree = BUILT_PRODUCTS_DIR; };
		34A7534B1DD16F6E005D776B /* IOSFrameUITests.m */ = {isa = PBXFileReference; lastKnownFileType = sourcecode.c.objc; path = IOSFrameUITests.m; sourceTree = "<group>"; };
		34A7534D1DD16F6E005D776B /* Info.plist */ = {isa = PBXFileReference; lastKnownFileType = text.plist.xml; path = Info.plist; sourceTree = "<group>"; };
		34A755051DD1DB1E005D776B /* libNDSDK.a */ = {isa = PBXFileReference; lastKnownFileType = archive.ar; name = libNDSDK.a; path = "NDSDK/build/Debug-iphoneos/libNDSDK.a"; sourceTree = "<group>"; };
		34A755061DD1DB1E005D776B /* libNDUIToolKit.a */ = {isa = PBXFileReference; lastKnownFileType = archive.ar; name = libNDUIToolKit.a; path = "NDUIToolKit/build/Debug-iphoneos/libNDUIToolKit.a"; sourceTree = "<group>"; };
		5538174508930C1DB8202640 /* Pods-IOSFrame.debug.xcconfig */ = {isa = PBXFileReference; includeInIndex = 1; lastKnownFileType = text.xcconfig; name = "Pods-IOSFrame.debug.xcconfig"; path = "Pods/Target Support Files/Pods-IOSFrame/Pods-IOSFrame.debug.xcconfig"; sourceTree = "<group>"; };
		B32D9DA2DE98D85C69FAB2CD /* Pods-IOSFrame.release.xcconfig */ = {isa = PBXFileReference; includeInIndex = 1; lastKnownFileType = text.xcconfig; name = "Pods-IOSFrame.release.xcconfig"; path = "Pods/Target Support Files/Pods-IOSFrame/Pods-IOSFrame.release.xcconfig"; sourceTree = "<group>"; };
		D2E7FAC29A976F1414068DC1 /* libPods-IOSFrame.a */ = {isa = PBXFileReference; explicitFileType = archive.ar; includeInIndex = 0; path = "libPods-IOSFrame.a"; sourceTree = BUILT_PRODUCTS_DIR; };
/* End PBXFileReference section */

/* Begin PBXFrameworksBuildPhase section */
		34A753201DD16F6D005D776B /* Frameworks */ = {
			isa = PBXFrameworksBuildPhase;
			buildActionMask = 2147483647;
			files = (
				34A755071DD1DB1E005D776B /* libNDSDK.a in Frameworks */,
				34A755081DD1DB1E005D776B /* libNDUIToolKit.a in Frameworks */,
				DD53026106BA0EF64EAB0439 /* libPods-IOSFrame.a in Frameworks */,
			);
			runOnlyForDeploymentPostprocessing = 0;
		};
		34A753391DD16F6E005D776B /* Frameworks */ = {
			isa = PBXFrameworksBuildPhase;
			buildActionMask = 2147483647;
			files = (
			);
			runOnlyForDeploymentPostprocessing = 0;
		};
		34A753441DD16F6E005D776B /* Frameworks */ = {
			isa = PBXFrameworksBuildPhase;
			buildActionMask = 2147483647;
			files = (
			);
			runOnlyForDeploymentPostprocessing = 0;
		};
/* End PBXFrameworksBuildPhase section */

/* Begin PBXGroup section */
		34A7531A1DD16F6D005D776B = {
			isa = PBXGroup;
			children = (
				34A753251DD16F6D005D776B /* IOSFrame */,
				34A7533F1DD16F6E005D776B /* IOSFrameTests */,
				34A7534A1DD16F6E005D776B /* IOSFrameUITests */,
				34A753241DD16F6D005D776B /* Products */,
				8AC6B5031D5266E43560C1EC /* Pods */,
				633E42320074169AEC4BE5B4 /* Frameworks */,
			);
			sourceTree = "<group>";
		};
		34A753241DD16F6D005D776B /* Products */ = {
			isa = PBXGroup;
			children = (
				34A753231DD16F6D005D776B /* IOSFrame.app */,
				34A7533C1DD16F6E005D776B /* IOSFrameTests.xctest */,
				34A753471DD16F6E005D776B /* IOSFrameUITests.xctest */,
			);
			name = Products;
			sourceTree = "<group>";
		};
		34A753251DD16F6D005D776B /* IOSFrame */ = {
			isa = PBXGroup;
			children = (
				34A753291DD16F6D005D776B /* AppDelegate.h */,
				34A7532A1DD16F6D005D776B /* AppDelegate.m */,
				34A7532C1DD16F6D005D776B /* ViewController.h */,
				34A7532D1DD16F6D005D776B /* ViewController.m */,
				34A7532F1DD16F6D005D776B /* Main.storyboard */,
				34A753321DD16F6D005D776B /* Assets.xcassets */,
				34A753341DD16F6D005D776B /* LaunchScreen.storyboard */,
				34A753371DD16F6E005D776B /* Info.plist */,
				34A753261DD16F6D005D776B /* Supporting Files */,
			);
			path = IOSFrame;
			sourceTree = "<group>";
		};
		34A753261DD16F6D005D776B /* Supporting Files */ = {
			isa = PBXGroup;
			children = (
				34A753271DD16F6D005D776B /* main.m */,
			);
			name = "Supporting Files";
			sourceTree = "<group>";
		};
		34A7533F1DD16F6E005D776B /* IOSFrameTests */ = {
			isa = PBXGroup;
			children = (
				34A753401DD16F6E005D776B /* IOSFrameTests.m */,
				34A753421DD16F6E005D776B /* Info.plist */,
			);
			path = IOSFrameTests;
			sourceTree = "<group>";
		};
		34A7534A1DD16F6E005D776B /* IOSFrameUITests */ = {
			isa = PBXGroup;
			children = (
				34A7534B1DD16F6E005D776B /* IOSFrameUITests.m */,
				34A7534D1DD16F6E005D776B /* Info.plist */,
			);
			path = IOSFrameUITests;
			sourceTree = "<group>";
		};
		633E42320074169AEC4BE5B4 /* Frameworks */ = {
			isa = PBXGroup;
			children = (
				34A755051DD1DB1E005D776B /* libNDSDK.a */,
				34A755061DD1DB1E005D776B /* libNDUIToolKit.a */,
				D2E7FAC29A976F1414068DC1 /* libPods-IOSFrame.a */,
			);
			name = Frameworks;
			sourceTree = "<group>";
		};
		8AC6B5031D5266E43560C1EC /* Pods */ = {
			isa = PBXGroup;
			children = (
				5538174508930C1DB8202640 /* Pods-IOSFrame.debug.xcconfig */,
				B32D9DA2DE98D85C69FAB2CD /* Pods-IOSFrame.release.xcconfig */,
			);
			name = Pods;
			sourceTree = "<group>";
		};
/* End PBXGroup section */

/* Begin PBXNativeTarget section */
		34A753221DD16F6D005D776B /* IOSFrame */ = {
			isa = PBXNativeTarget;
			buildConfigurationList = 34A753501DD16F6E005D776B /* Build configuration list for PBXNativeTarget "IOSFrame" */;
			buildPhases = (
				0C3482A6D956135AFEBB92D1 /* Check Pods Manifest.lock */,
				34A7531F1DD16F6D005D776B /* Sources */,
				34A753201DD16F6D005D776B /* Frameworks */,
				34A753211DD16F6D005D776B /* Resources */,
				0F7BB86A589F13D8F27D5F36 /* Embed Pods Frameworks */,
				BA3AAE47949F5E0DABA5E5AD /* Copy Pods Resources */,
			);
			buildRules = (
			);
			dependencies = (
			);
			name = IOSFrame;
			productName = IOSFrame;
			productReference = 34A753231DD16F6D005D776B /* IOSFrame.app */;
			productType = "com.apple.product-type.application";
		};
		34A7533B1DD16F6E005D776B /* IOSFrameTests */ = {
			isa = PBXNativeTarget;
			buildConfigurationList = 34A753531DD16F6E005D776B /* Build configuration list for PBXNativeTarget "IOSFrameTests" */;
			buildPhases = (
				34A753381DD16F6E005D776B /* Sources */,
				34A753391DD16F6E005D776B /* Frameworks */,
				34A7533A1DD16F6E005D776B /* Resources */,
			);
			buildRules = (
			);
			dependencies = (
				34A7533E1DD16F6E005D776B /* PBXTargetDependency */,
			);
			name = IOSFrameTests;
			productName = IOSFrameTests;
			productReference = 34A7533C1DD16F6E005D776B /* IOSFrameTests.xctest */;
			productType = "com.apple.product-type.bundle.unit-test";
		};
		34A753461DD16F6E005D776B /* IOSFrameUITests */ = {
			isa = PBXNativeTarget;
			buildConfigurationList = 34A753561DD16F6E005D776B /* Build configuration list for PBXNativeTarget "IOSFrameUITests" */;
			buildPhases = (
				34A753431DD16F6E005D776B /* Sources */,
				34A753441DD16F6E005D776B /* Frameworks */,
				34A753451DD16F6E005D776B /* Resources */,
			);
			buildRules = (
			);
			dependencies = (
				34A753491DD16F6E005D776B /* PBXTargetDependency */,
			);
			name = IOSFrameUITests;
			productName = IOSFrameUITests;
			productReference = 34A753471DD16F6E005D776B /* IOSFrameUITests.xctest */;
			productType = "com.apple.product-type.bundle.ui-testing";
		};
/* End PBXNativeTarget section */

/* Begin PBXProject section */
		34A7531B1DD16F6D005D776B /* Project object */ = {
			isa = PBXProject;
			attributes = {
				LastUpgradeCheck = 0810;
				ORGANIZATIONNAME = "吴焰基";
				TargetAttributes = {
					34A753221DD16F6D005D776B = {
						CreatedOnToolsVersion = 8.1;
						DevelopmentTeam = 3NV5TP9U7U;
						ProvisioningStyle = Automatic;
					};
					34A7533B1DD16F6E005D776B = {
						CreatedOnToolsVersion = 8.1;
						DevelopmentTeam = 3NV5TP9U7U;
						ProvisioningStyle = Automatic;
						TestTargetID = 34A753221DD16F6D005D776B;
					};
					34A753461DD16F6E005D776B = {
						CreatedOnToolsVersion = 8.1;
						DevelopmentTeam = 3NV5TP9U7U;
						ProvisioningStyle = Automatic;
						TestTargetID = 34A753221DD16F6D005D776B;
					};
				};
			};
			buildConfigurationList = 34A7531E1DD16F6D005D776B /* Build configuration list for PBXProject "IOSFrame" */;
			compatibilityVersion = "Xcode 3.2";
			developmentRegion = English;
			hasScannedForEncodings = 0;
			knownRegions = (
				en,
				Base,
			);
			mainGroup = 34A7531A1DD16F6D005D776B;
			productRefGroup = 34A753241DD16F6D005D776B /* Products */;
			projectDirPath = "";
			projectRoot = "";
			targets = (
				34A753221DD16F6D005D776B /* IOSFrame */,
				34A7533B1DD16F6E005D776B /* IOSFrameTests */,
				34A753461DD16F6E005D776B /* IOSFrameUITests */,
			);
		};
/* End PBXProject section */

/* Begin PBXResourcesBuildPhase section */
		34A753211DD16F6D005D776B /* Resources */ = {
			isa = PBXResourcesBuildPhase;
			buildActionMask = 2147483647;
			files = (
				34A753361DD16F6D005D776B /* LaunchScreen.storyboard in Resources */,
				34A753331DD16F6D005D776B /* Assets.xcassets in Resources */,
				34A753311DD16F6D005D776B /* Main.storyboard in Resources */,
			);
			runOnlyForDeploymentPostprocessing = 0;
		};
		34A7533A1DD16F6E005D776B /* Resources */ = {
			isa = PBXResourcesBuildPhase;
			buildActionMask = 2147483647;
			files = (
			);
			runOnlyForDeploymentPostprocessing = 0;
		};
		34A753451DD16F6E005D776B /* Resources */ = {
			isa = PBXResourcesBuildPhase;
			buildActionMask = 2147483647;
			files = (
			);
			runOnlyForDeploymentPostprocessing = 0;
		};
/* End PBXResourcesBuildPhase section */

/* Begin PBXShellScriptBuildPhase section */
		0C3482A6D956135AFEBB92D1 /* Check Pods Manifest.lock */ = {
			isa = PBXShellScriptBuildPhase;
			buildActionMask = 2147483647;
			files = (
			);
			inputPaths = (
			);
			name = "Check Pods Manifest.lock";
			outputPaths = (
			);
			runOnlyForDeploymentPostprocessing = 0;
			shellPath = /bin/sh;
			shellScript = "diff \"${PODS_ROOT}/../Podfile.lock\" \"${PODS_ROOT}/Manifest.lock\" > /dev/null\nif [[ $? != 0 ]] ; then\n    cat << EOM\nerror: The sandbox is not in sync with the Podfile.lock. Run 'pod install' or update your CocoaPods installation.\nEOM\n    exit 1\nfi\n";
			showEnvVarsInLog = 0;
		};
		0F7BB86A589F13D8F27D5F36 /* Embed Pods Frameworks */ = {
			isa = PBXShellScriptBuildPhase;
			buildActionMask = 2147483647;
			files = (
			);
			inputPaths = (
			);
			name = "Embed Pods Frameworks";
			outputPaths = (
			);
			runOnlyForDeploymentPostprocessing = 0;
			shellPath = /bin/sh;
			shellScript = "\"${SRCROOT}/Pods/Target Support Files/Pods-IOSFrame/Pods-IOSFrame-frameworks.sh\"\n\"${SRCROOT}/ND-Resources.sh\"";
			showEnvVarsInLog = 0;
		};
		BA3AAE47949F5E0DABA5E5AD /* Copy Pods Resources */ = {
			isa = PBXShellScriptBuildPhase;
			buildActionMask = 2147483647;
			files = (
			);
			inputPaths = (
			);
			name = "Copy Pods Resources";
			outputPaths = (
			);
			runOnlyForDeploymentPostprocessing = 0;
			shellPath = /bin/sh;
			shellScript = "\"${SRCROOT}/Pods/Target Support Files/Pods-IOSFrame/Pods-IOSFrame-resources.sh\"\n";
			showEnvVarsInLog = 0;
		};
/* End PBXShellScriptBuildPhase section */

/* Begin PBXSourcesBuildPhase section */
		34A7531F1DD16F6D005D776B /* Sources */ = {
			isa = PBXSourcesBuildPhase;
			buildActionMask = 2147483647;
			files = (
				34A7532E1DD16F6D005D776B /* ViewController.m in Sources */,
				34A7532B1DD16F6D005D776B /* AppDelegate.m in Sources */,
				34A753281DD16F6D005D776B /* main.m in Sources */,
			);
			runOnlyForDeploymentPostprocessing = 0;
		};
		34A753381DD16F6E005D776B /* Sources */ = {
			isa = PBXSourcesBuildPhase;
			buildActionMask = 2147483647;
			files = (
				34A753411DD16F6E005D776B /* IOSFrameTests.m in Sources */,
			);
			runOnlyForDeploymentPostprocessing = 0;
		};
		34A753431DD16F6E005D776B /* Sources */ = {
			isa = PBXSourcesBuildPhase;
			buildActionMask = 2147483647;
			files = (
				34A7534C1DD16F6E005D776B /* IOSFrameUITests.m in Sources */,
			);
			runOnlyForDeploymentPostprocessing = 0;
		};
/* End PBXSourcesBuildPhase section */

/* Begin PBXTargetDependency section */
		34A7533E1DD16F6E005D776B /* PBXTargetDependency */ = {
			isa = PBXTargetDependency;
			target = 34A753221DD16F6D005D776B /* IOSFrame */;
			targetProxy = 34A7533D1DD16F6E005D776B /* PBXContainerItemProxy */;
		};
		34A753491DD16F6E005D776B /* PBXTargetDependency */ = {
			isa = PBXTargetDependency;
			target = 34A753221DD16F6D005D776B /* IOSFrame */;
			targetProxy = 34A753481DD16F6E005D776B /* PBXContainerItemProxy */;
		};
/* End PBXTargetDependency section */

/* Begin PBXVariantGroup section */
		34A7532F1DD16F6D005D776B /* Main.storyboard */ = {
			isa = PBXVariantGroup;
			children = (
				34A753301DD16F6D005D776B /* Base */,
			);
			name = Main.storyboard;
			sourceTree = "<group>";
		};
		34A753341DD16F6D005D776B /* LaunchScreen.storyboard */ = {
			isa = PBXVariantGroup;
			children = (
				34A753351DD16F6D005D776B /* Base */,
			);
			name = LaunchScreen.storyboard;
			sourceTree = "<group>";
		};
/* End PBXVariantGroup section */

/* Begin XCBuildConfiguration section */
		34A7534E1DD16F6E005D776B /* Debug */ = {
			isa = XCBuildConfiguration;
			buildSettings = {
				ALWAYS_SEARCH_USER_PATHS = NO;
				CLANG_ANALYZER_NONNULL = YES;
				CLANG_CXX_LANGUAGE_STANDARD = "gnu++0x";
				CLANG_CXX_LIBRARY = "libc++";
				CLANG_ENABLE_MODULES = YES;
				CLANG_ENABLE_OBJC_ARC = YES;
				CLANG_WARN_BOOL_CONVERSION = YES;
				CLANG_WARN_CONSTANT_CONVERSION = YES;
				CLANG_WARN_DIRECT_OBJC_ISA_USAGE = YES_ERROR;
				CLANG_WARN_DOCUMENTATION_COMMENTS = YES;
				CLANG_WARN_EMPTY_BODY = YES;
				CLANG_WARN_ENUM_CONVERSION = YES;
				CLANG_WARN_INFINITE_RECURSION = YES;
				CLANG_WARN_INT_CONVERSION = YES;
				CLANG_WARN_OBJC_ROOT_CLASS = YES_ERROR;
				CLANG_WARN_SUSPICIOUS_MOVES = YES;
				CLANG_WARN_UNREACHABLE_CODE = YES;
				CLANG_WARN__DUPLICATE_METHOD_MATCH = YES;
				"CODE_SIGN_IDENTITY[sdk=iphoneos*]" = "iPhone Developer";
				COPY_PHASE_STRIP = NO;
				DEBUG_INFORMATION_FORMAT = dwarf;
				ENABLE_STRICT_OBJC_MSGSEND = YES;
				ENABLE_TESTABILITY = YES;
				GCC_C_LANGUAGE_STANDARD = gnu99;
				GCC_DYNAMIC_NO_PIC = NO;
				GCC_NO_COMMON_BLOCKS = YES;
				GCC_OPTIMIZATION_LEVEL = 0;
				GCC_PREPROCESSOR_DEFINITIONS = (
					"DEBUG=1",
					"$(inherited)",
				);
				GCC_WARN_64_TO_32_BIT_CONVERSION = YES;
				GCC_WARN_ABOUT_RETURN_TYPE = YES_ERROR;
				GCC_WARN_UNDECLARED_SELECTOR = YES;
				GCC_WARN_UNINITIALIZED_AUTOS = YES_AGGRESSIVE;
				GCC_WARN_UNUSED_FUNCTION = YES;
				GCC_WARN_UNUSED_VARIABLE = YES;
				IPHONEOS_DEPLOYMENT_TARGET = 10.1;
				MTL_ENABLE_DEBUG_INFO = YES;
				ONLY_ACTIVE_ARCH = YES;
				SDKROOT = iphoneos;
				TARGETED_DEVICE_FAMILY = "1,2";
			};
			name = Debug;
		};
		34A7534F1DD16F6E005D776B /* Release */ = {
			isa = XCBuildConfiguration;
			buildSettings = {
				ALWAYS_SEARCH_USER_PATHS = NO;
				CLANG_ANALYZER_NONNULL = YES;
				CLANG_CXX_LANGUAGE_STANDARD = "gnu++0x";
				CLANG_CXX_LIBRARY = "libc++";
				CLANG_ENABLE_MODULES = YES;
				CLANG_ENABLE_OBJC_ARC = YES;
				CLANG_WARN_BOOL_CONVERSION = YES;
				CLANG_WARN_CONSTANT_CONVERSION = YES;
				CLANG_WARN_DIRECT_OBJC_ISA_USAGE = YES_ERROR;
				CLANG_WARN_DOCUMENTATION_COMMENTS = YES;
				CLANG_WARN_EMPTY_BODY = YES;
				CLANG_WARN_ENUM_CONVERSION = YES;
				CLANG_WARN_INFINITE_RECURSION = YES;
				CLANG_WARN_INT_CONVERSION = YES;
				CLANG_WARN_OBJC_ROOT_CLASS = YES_ERROR;
				CLANG_WARN_SUSPICIOUS_MOVES = YES;
				CLANG_WARN_UNREACHABLE_CODE = YES;
				CLANG_WARN__DUPLICATE_METHOD_MATCH = YES;
				"CODE_SIGN_IDENTITY[sdk=iphoneos*]" = "iPhone Developer";
				COPY_PHASE_STRIP = NO;
				DEBUG_INFORMATION_FORMAT = "dwarf-with-dsym";
				ENABLE_NS_ASSERTIONS = NO;
				ENABLE_STRICT_OBJC_MSGSEND = YES;
				GCC_C_LANGUAGE_STANDARD = gnu99;
				GCC_NO_COMMON_BLOCKS = YES;
				GCC_WARN_64_TO_32_BIT_CONVERSION = YES;
				GCC_WARN_ABOUT_RETURN_TYPE = YES_ERROR;
				GCC_WARN_UNDECLARED_SELECTOR = YES;
				GCC_WARN_UNINITIALIZED_AUTOS = YES_AGGRESSIVE;
				GCC_WARN_UNUSED_FUNCTION = YES;
				GCC_WARN_UNUSED_VARIABLE = YES;
				IPHONEOS_DEPLOYMENT_TARGET = 10.1;
				MTL_ENABLE_DEBUG_INFO = NO;
				SDKROOT = iphoneos;
				TARGETED_DEVICE_FAMILY = "1,2";
				VALIDATE_PRODUCT = YES;
			};
			name = Release;
		};
		34A753511DD16F6E005D776B /* Debug */ = {
			isa = XCBuildConfiguration;
			baseConfigurationReference = 5538174508930C1DB8202640 /* Pods-IOSFrame.debug.xcconfig */;
			buildSettings = {
				ASSETCATALOG_COMPILER_APPICON_NAME = AppIcon;
				DEVELOPMENT_TEAM = 3NV5TP9U7U;
				HEADER_SEARCH_PATHS = (
					"\"$(SDKROOT)/usr/include/libxml2\"",
					"$(inherited)",
					"\"${PODS_ROOT}/Headers/Public\"",
					"\"${PODS_ROOT}/Headers/Public/AFNetworking\"",
					"\"${PODS_ROOT}/Headers/Public/AliyunOSSiOS\"",
					"\"${PODS_ROOT}/Headers/Public/BaiduMapKit\"",
					"\"${PODS_ROOT}/Headers/Public/Base64nl\"",
					"\"${PODS_ROOT}/Headers/Public/Bolts\"",
					"\"${PODS_ROOT}/Headers/Public/Cordova\"",
					"\"${PODS_ROOT}/Headers/Public/DACircularProgress\"",
					"\"${PODS_ROOT}/Headers/Public/DTCoreText\"",
					"\"${PODS_ROOT}/Headers/Public/DTFoundation\"",
					"\"${PODS_ROOT}/Headers/Public/DXPopover\"",
					"\"${PODS_ROOT}/Headers/Public/FDFullscreenPopGesture\"",
					"\"${PODS_ROOT}/Headers/Public/FMDB\"",
					"\"${PODS_ROOT}/Headers/Public/GPUImage\"",
					"\"${PODS_ROOT}/Headers/Public/IDMPhotoBrowser\"",
					"\"${PODS_ROOT}/Headers/Public/LBBlurredImage\"",
					"\"${PODS_ROOT}/Headers/Public/LLARingSpinnerView\"",
					"\"${PODS_ROOT}/Headers/Public/MBProgressHUD\"",
					"\"${PODS_ROOT}/Headers/Public/MJRefresh\"",
					"\"${PODS_ROOT}/Headers/Public/Masonry\"",
					"\"${PODS_ROOT}/Headers/Public/RTLabel\"",
					"\"${PODS_ROOT}/Headers/Public/ReactiveCocoa\"",
					"\"${PODS_ROOT}/Headers/Public/SDAutoLayout\"",
					"\"${PODS_ROOT}/Headers/Public/SDWebImage\"",
					"\"${PODS_ROOT}/Headers/Public/UMengAnalytics-NO-IDFA\"",
					"\"${PODS_ROOT}/Headers/Public/UMengSocialCOM\"",
					"\"${PODS_ROOT}/Headers/Public/pop\"",
					"\"$(PROJECT_DIR)/NDUIToolKit/**\"",
					"\"$(PROJECT_DIR)/NDSDK/**\"",
				);
				INFOPLIST_FILE = IOSFrame/Info.plist;
				LD_RUNPATH_SEARCH_PATHS = "$(inherited) @executable_path/Frameworks";
				LIBRARY_SEARCH_PATHS = (
					"$(inherited)",
					"$(PROJECT_DIR)/IOSFrame/SDK/语音转换/opencore-amrnb",
					"$(PROJECT_DIR)/IOSFrame/SDK/语音转换/opencore-amrwb",
					"$(PROJECT_DIR)/NDSDK/build/Debug-iphoneos",
					"$(PROJECT_DIR)/NDUIToolKit/build/Debug-iphoneos",
				);
				OTHER_LDFLAGS = (
					"$(inherited)",
					"-ObjC",
					"-l\"AFNetworking\"",
					"-l\"APOpenSdk\"",
					"-l\"AliyunOSSiOS\"",
					"-l\"Base64nl\"",
					"-l\"Bolts\"",
					"-l\"Cordova\"",
					"-l\"DACircularProgress\"",
					"-l\"DTCoreText\"",
					"-l\"DTFoundation\"",
					"-l\"DXPopover\"",
					"-l\"FDFullscreenPopGesture\"",
					"-l\"FMDB\"",
					"-l\"GPUImage\"",
					"-l\"IDMPhotoBrowser\"",
					"-l\"LBBlurredImage\"",
					"-l\"LLARingSpinnerView\"",
					"-l\"LWApiSDK\"",
					"-l\"MBProgressHUD\"",
					"-l\"MJRefresh\"",
					"-l\"Masonry\"",
					"-l\"RTLabel\"",
					"-l\"ReactiveCocoa\"",
					"-l\"SDAutoLayout\"",
					"-l\"SDWebImage\"",
					"-l\"SocialAlipayShare\"",
					"-l\"SocialFacebook\"",
					"-l\"SocialInstagram\"",
					"-l\"SocialLaiWang\"",
					"-l\"SocialLine\"",
					"-l\"SocialQQ\"",
					"-l\"SocialSinaSSO\"",
					"-l\"SocialTumblr\"",
					"-l\"SocialTwitter\"",
					"-l\"SocialWechat\"",
					"-l\"SocialWhatsapp\"",
					"-l\"UMSocial_Sdk_5.2.1\"",
					"-l\"UMSocial_Sdk_Comment_5.2.1\"",
					"-l\"WeChatSDK\"",
					"-l\"WeiboSDK\"",
					"-l\"c++\"",
					"-l\"iconv\"",
					"-l\"pop\"",
					"-l\"sqlite3\"",
					"-l\"sqlite3.0\"",
					"-l\"stdc++\"",
					"-l\"stdc++.6.0.9\"",
					"-l\"xml2\"",
					"-l\"z\"",
					"-framework",
					"\"AVFoundation\"",
					"-framework",
					"\"Accelerate\"",
					"-framework",
					"\"Accounts\"",
					"-framework",
					"\"AssetsLibrary\"",
					"-framework",
					"\"BaiduMapAPI_Base\"",
					"-framework",
					"\"BaiduMapAPI_Cloud\"",
					"-framework",
					"\"BaiduMapAPI_Location\"",
					"-framework",
					"\"BaiduMapAPI_Map\"",
					"-framework",
					"\"BaiduMapAPI_Radar\"",
					"-framework",
					"\"BaiduMapAPI_Search\"",
					"-framework",
					"\"BaiduMapAPI_Utils\"",
					"-framework",
					"\"CoreData\"",
					"-framework",
					"\"CoreGraphics\"",
					"-framework",
					"\"CoreLocation\"",
					"-framework",
					"\"CoreMedia\"",
					"-framework",
					"\"CoreTelephony\"",
					"-framework",
					"\"CoreText\"",
					"-framework",
					"\"FBSDKCoreKit\"",
					"-framework",
					"\"FBSDKLoginKit\"",
					"-framework",
					"\"FBSDKShareKit\"",
					"-framework",
					"\"Fabric\"",
					"-framework",
					"\"Foundation\"",
					"-framework",
					"\"ImageIO\"",
					"-framework",
					"\"MediaPlayer\"",
					"-framework",
					"\"MessageUI\"",
					"-framework",
					"\"MobileCoreServices\"",
					"-framework",
					"\"OpenGLES\"",
					"-framework",
					"\"QuartzCore\"",
					"-framework",
					"\"Security\"",
					"-framework",
					"\"Social\"",
					"-framework",
					"\"SystemConfiguration\"",
					"-framework",
					"\"TencentOpenAPI\"",
					"-framework",
					"\"TwitterCore\"",
					"-framework",
					"\"TwitterKit\"",
					"-framework",
					"\"UIKit\"",
					"-framework",
					"\"UMMobClick\"",
					"-licucore",
				);
				PRODUCT_BUNDLE_IDENTIFIER = ss.IOSFrame;
				PRODUCT_NAME = "$(TARGET_NAME)";
			};
			name = Debug;
		};
		34A753521DD16F6E005D776B /* Release */ = {
			isa = XCBuildConfiguration;
			baseConfigurationReference = B32D9DA2DE98D85C69FAB2CD /* Pods-IOSFrame.release.xcconfig */;
			buildSettings = {
				ASSETCATALOG_COMPILER_APPICON_NAME = AppIcon;
				DEVELOPMENT_TEAM = 3NV5TP9U7U;
				HEADER_SEARCH_PATHS = (
					"\"$(SDKROOT)/usr/include/libxml2\"",
					"$(inherited)",
					"\"${PODS_ROOT}/Headers/Public\"",
					"\"${PODS_ROOT}/Headers/Public/AFNetworking\"",
					"\"${PODS_ROOT}/Headers/Public/AliyunOSSiOS\"",
					"\"${PODS_ROOT}/Headers/Public/BaiduMapKit\"",
					"\"${PODS_ROOT}/Headers/Public/Base64nl\"",
					"\"${PODS_ROOT}/Headers/Public/Bolts\"",
					"\"${PODS_ROOT}/Headers/Public/Cordova\"",
					"\"${PODS_ROOT}/Headers/Public/DACircularProgress\"",
					"\"${PODS_ROOT}/Headers/Public/DTCoreText\"",
					"\"${PODS_ROOT}/Headers/Public/DTFoundation\"",
					"\"${PODS_ROOT}/Headers/Public/DXPopover\"",
					"\"${PODS_ROOT}/Headers/Public/FDFullscreenPopGesture\"",
					"\"${PODS_ROOT}/Headers/Public/FMDB\"",
					"\"${PODS_ROOT}/Headers/Public/GPUImage\"",
					"\"${PODS_ROOT}/Headers/Public/IDMPhotoBrowser\"",
					"\"${PODS_ROOT}/Headers/Public/LBBlurredImage\"",
					"\"${PODS_ROOT}/Headers/Public/LLARingSpinnerView\"",
					"\"${PODS_ROOT}/Headers/Public/MBProgressHUD\"",
					"\"${PODS_ROOT}/Headers/Public/MJRefresh\"",
					"\"${PODS_ROOT}/Headers/Public/Masonry\"",
					"\"${PODS_ROOT}/Headers/Public/RTLabel\"",
					"\"${PODS_ROOT}/Headers/Public/ReactiveCocoa\"",
					"\"${PODS_ROOT}/Headers/Public/SDAutoLayout\"",
					"\"${PODS_ROOT}/Headers/Public/SDWebImage\"",
					"\"${PODS_ROOT}/Headers/Public/UMengAnalytics-NO-IDFA\"",
					"\"${PODS_ROOT}/Headers/Public/UMengSocialCOM\"",
					"\"${PODS_ROOT}/Headers/Public/pop\"",
					"\"$(PROJECT_DIR)/NDUIToolKit/**\"",
					"\"$(PROJECT_DIR)/NDSDK/**\"",
				);
				INFOPLIST_FILE = IOSFrame/Info.plist;
				LD_RUNPATH_SEARCH_PATHS = "$(inherited) @executable_path/Frameworks";
				LIBRARY_SEARCH_PATHS = (
					"$(inherited)",
					"$(PROJECT_DIR)/IOSFrame/SDK/语音转换/opencore-amrnb",
					"$(PROJECT_DIR)/IOSFrame/SDK/语音转换/opencore-amrwb",
					"$(PROJECT_DIR)/NDSDK/build/Debug-iphoneos",
					"$(PROJECT_DIR)/NDUIToolKit/build/Debug-iphoneos",
				);
				OTHER_LDFLAGS = (
					"$(inherited)",
					"-ObjC",
					"-l\"AFNetworking\"",
					"-l\"APOpenSdk\"",
					"-l\"AliyunOSSiOS\"",
					"-l\"Base64nl\"",
					"-l\"Bolts\"",
					"-l\"Cordova\"",
					"-l\"DACircularProgress\"",
					"-l\"DTCoreText\"",
					"-l\"DTFoundation\"",
					"-l\"DXPopover\"",
					"-l\"FDFullscreenPopGesture\"",
					"-l\"FMDB\"",
					"-l\"GPUImage\"",
					"-l\"IDMPhotoBrowser\"",
					"-l\"LBBlurredImage\"",
					"-l\"LLARingSpinnerView\"",
					"-l\"LWApiSDK\"",
					"-l\"MBProgressHUD\"",
					"-l\"MJRefresh\"",
					"-l\"Masonry\"",
					"-l\"RTLabel\"",
					"-l\"ReactiveCocoa\"",
					"-l\"SDAutoLayout\"",
					"-l\"SDWebImage\"",
					"-l\"SocialAlipayShare\"",
					"-l\"SocialFacebook\"",
					"-l\"SocialInstagram\"",
					"-l\"SocialLaiWang\"",
					"-l\"SocialLine\"",
					"-l\"SocialQQ\"",
					"-l\"SocialSinaSSO\"",
					"-l\"SocialTumblr\"",
					"-l\"SocialTwitter\"",
					"-l\"SocialWechat\"",
					"-l\"SocialWhatsapp\"",
					"-l\"UMSocial_Sdk_5.2.1\"",
					"-l\"UMSocial_Sdk_Comment_5.2.1\"",
					"-l\"WeChatSDK\"",
					"-l\"WeiboSDK\"",
					"-l\"c++\"",
					"-l\"iconv\"",
					"-l\"pop\"",
					"-l\"sqlite3\"",
					"-l\"sqlite3.0\"",
					"-l\"stdc++\"",
					"-l\"stdc++.6.0.9\"",
					"-l\"xml2\"",
					"-l\"z\"",
					"-framework",
					"\"AVFoundation\"",
					"-framework",
					"\"Accelerate\"",
					"-framework",
					"\"Accounts\"",
					"-framework",
					"\"AssetsLibrary\"",
					"-framework",
					"\"BaiduMapAPI_Base\"",
					"-framework",
					"\"BaiduMapAPI_Cloud\"",
					"-framework",
					"\"BaiduMapAPI_Location\"",
					"-framework",
					"\"BaiduMapAPI_Map\"",
					"-framework",
					"\"BaiduMapAPI_Radar\"",
					"-framework",
					"\"BaiduMapAPI_Search\"",
					"-framework",
					"\"BaiduMapAPI_Utils\"",
					"-framework",
					"\"CoreData\"",
					"-framework",
					"\"CoreGraphics\"",
					"-framework",
					"\"CoreLocation\"",
					"-framework",
					"\"CoreMedia\"",
					"-framework",
					"\"CoreTelephony\"",
					"-framework",
					"\"CoreText\"",
					"-framework",
					"\"FBSDKCoreKit\"",
					"-framework",
					"\"FBSDKLoginKit\"",
					"-framework",
					"\"FBSDKShareKit\"",
					"-framework",
					"\"Fabric\"",
					"-framework",
					"\"Foundation\"",
					"-framework",
					"\"ImageIO\"",
					"-framework",
					"\"MediaPlayer\"",
					"-framework",
					"\"MessageUI\"",
					"-framework",
					"\"MobileCoreServices\"",
					"-framework",
					"\"OpenGLES\"",
					"-framework",
					"\"QuartzCore\"",
					"-framework",
					"\"Security\"",
					"-framework",
					"\"Social\"",
					"-framework",
					"\"SystemConfiguration\"",
					"-framework",
					"\"TencentOpenAPI\"",
					"-framework",
					"\"TwitterCore\"",
					"-framework",
					"\"TwitterKit\"",
					"-framework",
					"\"UIKit\"",
					"-framework",
					"\"UMMobClick\"",
					"-licucore",
				);
				PRODUCT_BUNDLE_IDENTIFIER = ss.IOSFrame;
				PRODUCT_NAME = "$(TARGET_NAME)";
			};
			name = Release;
		};
		34A753541DD16F6E005D776B /* Debug */ = {
			isa = XCBuildConfiguration;
			buildSettings = {
				BUNDLE_LOADER = "$(TEST_HOST)";
				DEVELOPMENT_TEAM = 3NV5TP9U7U;
				INFOPLIST_FILE = IOSFrameTests/Info.plist;
				LD_RUNPATH_SEARCH_PATHS = "$(inherited) @executable_path/Frameworks @loader_path/Frameworks";
				PRODUCT_BUNDLE_IDENTIFIER = ss.IOSFrameTests;
				PRODUCT_NAME = "$(TARGET_NAME)";
				TEST_HOST = "$(BUILT_PRODUCTS_DIR)/IOSFrame.app/IOSFrame";
			};
			name = Debug;
		};
		34A753551DD16F6E005D776B /* Release */ = {
			isa = XCBuildConfiguration;
			buildSettings = {
				BUNDLE_LOADER = "$(TEST_HOST)";
				DEVELOPMENT_TEAM = 3NV5TP9U7U;
				INFOPLIST_FILE = IOSFrameTests/Info.plist;
				LD_RUNPATH_SEARCH_PATHS = "$(inherited) @executable_path/Frameworks @loader_path/Frameworks";
				PRODUCT_BUNDLE_IDENTIFIER = ss.IOSFrameTests;
				PRODUCT_NAME = "$(TARGET_NAME)";
				TEST_HOST = "$(BUILT_PRODUCTS_DIR)/IOSFrame.app/IOSFrame";
			};
			name = Release;
		};
		34A753571DD16F6E005D776B /* Debug */ = {
			isa = XCBuildConfiguration;
			buildSettings = {
				DEVELOPMENT_TEAM = 3NV5TP9U7U;
				INFOPLIST_FILE = IOSFrameUITests/Info.plist;
				LD_RUNPATH_SEARCH_PATHS = "$(inherited) @executable_path/Frameworks @loader_path/Frameworks";
				PRODUCT_BUNDLE_IDENTIFIER = ss.IOSFrameUITests;
				PRODUCT_NAME = "$(TARGET_NAME)";
				TEST_TARGET_NAME = IOSFrame;
			};
			name = Debug;
		};
		34A753581DD16F6E005D776B /* Release */ = {
			isa = XCBuildConfiguration;
			buildSettings = {
				DEVELOPMENT_TEAM = 3NV5TP9U7U;
				INFOPLIST_FILE = IOSFrameUITests/Info.plist;
				LD_RUNPATH_SEARCH_PATHS = "$(inherited) @executable_path/Frameworks @loader_path/Frameworks";
				PRODUCT_BUNDLE_IDENTIFIER = ss.IOSFrameUITests;
				PRODUCT_NAME = "$(TARGET_NAME)";
				TEST_TARGET_NAME = IOSFrame;
			};
			name = Release;
		};
/* End XCBuildConfiguration section */

/* Begin XCConfigurationList section */
		34A7531E1DD16F6D005D776B /* Build configuration list for PBXProject "IOSFrame" */ = {
			isa = XCConfigurationList;
			buildConfigurations = (
				34A7534E1DD16F6E005D776B /* Debug */,
				34A7534F1DD16F6E005D776B /* Release */,
			);
			defaultConfigurationIsVisible = 0;
			defaultConfigurationName = Release;
		};
		34A753501DD16F6E005D776B /* Build configuration list for PBXNativeTarget "IOSFrame" */ = {
			isa = XCConfigurationList;
			buildConfigurations = (
				34A753511DD16F6E005D776B /* Debug */,
				34A753521DD16F6E005D776B /* Release */,
			);
			defaultConfigurationIsVisible = 0;
			defaultConfigurationName = Release;
		};
		34A753531DD16F6E005D776B /* Build configuration list for PBXNativeTarget "IOSFrameTests" */ = {
			isa = XCConfigurationList;
			buildConfigurations = (
				34A753541DD16F6E005D776B /* Debug */,
				34A753551DD16F6E005D776B /* Release */,
			);
			defaultConfigurationIsVisible = 0;
			defaultConfigurationName = Release;
		};
		34A753561DD16F6E005D776B /* Build configuration list for PBXNativeTarget "IOSFrameUITests" */ = {
			isa = XCConfigurationList;
			buildConfigurations = (
				34A753571DD16F6E005D776B /* Debug */,
				34A753581DD16F6E005D776B /* Release */,
			);
			defaultConfigurationIsVisible = 0;
			defaultConfigurationName = Release;
		};
/* End XCConfigurationList section */
	};
	rootObject = 34A7531B1DD16F6D005D776B /* Project object */;
}
